// !$*UTF8*$!
{
	archiveVersion = 1;
	classes = {
	};
	objectVersion = 56;
	objects = {

/* Begin PBXBuildFile section */
		876206E2290171FA00352091 /* AppDelegate.swift in Sources */ = {isa = PBXBuildFile; fileRef = 876206E1290171FA00352091 /* AppDelegate.swift */; };
		876206E4290171FA00352091 /* SceneDelegate.swift in Sources */ = {isa = PBXBuildFile; fileRef = 876206E3290171FA00352091 /* SceneDelegate.swift */; };
		876206E6290171FA00352091 /* ViewController.swift in Sources */ = {isa = PBXBuildFile; fileRef = 876206E5290171FA00352091 /* ViewController.swift */; };
		876206E9290171FA00352091 /* Main.storyboard in Resources */ = {isa = PBXBuildFile; fileRef = 876206E7290171FA00352091 /* Main.storyboard */; };
		876206EB290171FB00352091 /* Assets.xcassets in Resources */ = {isa = PBXBuildFile; fileRef = 876206EA290171FB00352091 /* Assets.xcassets */; };
		876206EE290171FB00352091 /* LaunchScreen.storyboard in Resources */ = {isa = PBXBuildFile; fileRef = 876206EC290171FB00352091 /* LaunchScreen.storyboard */; };
		876206F9290171FB00352091 /* WhiteAppTyTests.swift in Sources */ = {isa = PBXBuildFile; fileRef = 876206F8290171FB00352091 /* WhiteAppTyTests.swift */; };
		87620703290171FB00352091 /* WhiteAppTyUITests.swift in Sources */ = {isa = PBXBuildFile; fileRef = 87620702290171FB00352091 /* WhiteAppTyUITests.swift */; };
		87620705290171FB00352091 /* WhiteAppTyUITestsLaunchTests.swift in Sources */ = {isa = PBXBuildFile; fileRef = 87620704290171FB00352091 /* WhiteAppTyUITestsLaunchTests.swift */; };
/* End PBXBuildFile section */

/* Begin PBXContainerItemProxy section */
		876206F5290171FB00352091 /* PBXContainerItemProxy */ = {
			isa = PBXContainerItemProxy;
			containerPortal = 876206D6290171FA00352091 /* Project object */;
			proxyType = 1;
			remoteGlobalIDString = 876206DD290171FA00352091;
			remoteInfo = WhiteAppTy;
		};
		876206FF290171FB00352091 /* PBXContainerItemProxy */ = {
			isa = PBXContainerItemProxy;
			containerPortal = 876206D6290171FA00352091 /* Project object */;
			proxyType = 1;
			remoteGlobalIDString = 876206DD290171FA00352091;
			remoteInfo = WhiteAppTy;
		};
/* End PBXContainerItemProxy section */

/* Begin PBXFileReference section */
		876206DE290171FA00352091 /* WhiteAppTy.app */ = {isa = PBXFileReference; explicitFileType = wrapper.application; includeInIndex = 0; path = WhiteAppTy.app; sourceTree = BUILT_PRODUCTS_DIR; };
		876206E1290171FA00352091 /* AppDelegate.swift */ = {isa = PBXFileReference; lastKnownFileType = sourcecode.swift; path = AppDelegate.swift; sourceTree = "<group>"; };
		876206E3290171FA00352091 /* SceneDelegate.swift */ = {isa = PBXFileReference; lastKnownFileType = sourcecode.swift; path = SceneDelegate.swift; sourceTree = "<group>"; };
		876206E5290171FA00352091 /* ViewController.swift */ = {isa = PBXFileReference; lastKnownFileType = sourcecode.swift; path = ViewController.swift; sourceTree = "<group>"; };
		876206E8290171FA00352091 /* Base */ = {isa = PBXFileReference; lastKnownFileType = file.storyboard; name = Base; path = Base.lproj/Main.storyboard; sourceTree = "<group>"; };
		876206EA290171FB00352091 /* Assets.xcassets */ = {isa = PBXFileReference; lastKnownFileType = folder.assetcatalog; path = Assets.xcassets; sourceTree = "<group>"; };
		876206ED290171FB00352091 /* Base */ = {isa = PBXFileReference; lastKnownFileType = file.storyboard; name = Base; path = Base.lproj/LaunchScreen.storyboard; sourceTree = "<group>"; };
		876206EF290171FB00352091 /* Info.plist */ = {isa = PBXFileReference; lastKnownFileType = text.plist.xml; path = Info.plist; sourceTree = "<group>"; };
		876206F4290171FB00352091 /* WhiteAppTyTests.xctest */ = {isa = PBXFileReference; explicitFileType = wrapper.cfbundle; includeInIndex = 0; path = WhiteAppTyTests.xctest; sourceTree = BUILT_PRODUCTS_DIR; };
		876206F8290171FB00352091 /* WhiteAppTyTests.swift */ = {isa = PBXFileReference; lastKnownFileType = sourcecode.swift; path = WhiteAppTyTests.swift; sourceTree = "<group>"; };
		876206FE290171FB00352091 /* WhiteAppTyUITests.xctest */ = {isa = PBXFileReference; explicitFileType = wrapper.cfbundle; includeInIndex = 0; path = WhiteAppTyUITests.xctest; sourceTree = BUILT_PRODUCTS_DIR; };
		87620702290171FB00352091 /* WhiteAppTyUITests.swift */ = {isa = PBXFileReference; lastKnownFileType = sourcecode.swift; path = WhiteAppTyUITests.swift; sourceTree = "<group>"; };
		87620704290171FB00352091 /* WhiteAppTyUITestsLaunchTests.swift */ = {isa = PBXFileReference; lastKnownFileType = sourcecode.swift; path = WhiteAppTyUITestsLaunchTests.swift; sourceTree = "<group>"; };
/* End PBXFileReference section */

/* Begin PBXFrameworksBuildPhase section */
		876206DB290171FA00352091 /* Frameworks */ = {
			isa = PBXFrameworksBuildPhase;
			buildActionMask = 2147483647;
			files = (
			);
			runOnlyForDeploymentPostprocessing = 0;
		};
		876206F1290171FB00352091 /* Frameworks */ = {
			isa = PBXFrameworksBuildPhase;
			buildActionMask = 2147483647;
			files = (
			);
			runOnlyForDeploymentPostprocessing = 0;
		};
		876206FB290171FB00352091 /* Frameworks */ = {
			isa = PBXFrameworksBuildPhase;
			buildActionMask = 2147483647;
			files = (
			);
			runOnlyForDeploymentPostprocessing = 0;
		};
/* End PBXFrameworksBuildPhase section */

/* Begin PBXGroup section */
		876206D5290171FA00352091 = {
			isa = PBXGroup;
			children = (
				876206E0290171FA00352091 /* WhiteAppTy */,
				876206F7290171FB00352091 /* WhiteAppTyTests */,
				87620701290171FB00352091 /* WhiteAppTyUITests */,
				876206DF290171FA00352091 /* Products */,
			);
			sourceTree = "<group>";
		};
		876206DF290171FA00352091 /* Products */ = {
			isa = PBXGroup;
			children = (
				876206DE290171FA00352091 /* WhiteAppTy.app */,
				876206F4290171FB00352091 /* WhiteAppTyTests.xctest */,
				876206FE290171FB00352091 /* WhiteAppTyUITests.xctest */,
			);
			name = Products;
			sourceTree = "<group>";
		};
		876206E0290171FA00352091 /* WhiteAppTy */ = {
			isa = PBXGroup;
			children = (
				876206E1290171FA00352091 /* AppDelegate.swift */,
				876206E3290171FA00352091 /* SceneDelegate.swift */,
				876206E5290171FA00352091 /* ViewController.swift */,
				876206E7290171FA00352091 /* Main.storyboard */,
				876206EA290171FB00352091 /* Assets.xcassets */,
				876206EC290171FB00352091 /* LaunchScreen.storyboard */,
				876206EF290171FB00352091 /* Info.plist */,
			);
			path = WhiteAppTy;
			sourceTree = "<group>";
		};
		876206F7290171FB00352091 /* WhiteAppTyTests */ = {
			isa = PBXGroup;
			children = (
				876206F8290171FB00352091 /* WhiteAppTyTests.swift */,
			);
			path = WhiteAppTyTests;
			sourceTree = "<group>";
		};
		87620701290171FB00352091 /* WhiteAppTyUITests */ = {
			isa = PBXGroup;
			children = (
				87620702290171FB00352091 /* WhiteAppTyUITests.swift */,
				87620704290171FB00352091 /* WhiteAppTyUITestsLaunchTests.swift */,
			);
			path = WhiteAppTyUITests;
			sourceTree = "<group>";
		};
/* End PBXGroup section */

/* Begin PBXNativeTarget section */
		876206DD290171FA00352091 /* WhiteAppTy */ = {
			isa = PBXNativeTarget;
			buildConfigurationList = 87620708290171FB00352091 /* Build configuration list for PBXNativeTarget "WhiteAppTy" */;
			buildPhases = (
				876206DA290171FA00352091 /* Sources */,
				876206DB290171FA00352091 /* Frameworks */,
				876206DC290171FA00352091 /* Resources */,
			);
			buildRules = (
			);
			dependencies = (
			);
			name = WhiteAppTy;
			productName = WhiteAppTy;
			productReference = 876206DE290171FA00352091 /* WhiteAppTy.app */;
			productType = "com.apple.product-type.application";
		};
		876206F3290171FB00352091 /* WhiteAppTyTests */ = {
			isa = PBXNativeTarget;
			buildConfigurationList = 8762070B290171FB00352091 /* Build configuration list for PBXNativeTarget "WhiteAppTyTests" */;
			buildPhases = (
				876206F0290171FB00352091 /* Sources */,
				876206F1290171FB00352091 /* Frameworks */,
				876206F2290171FB00352091 /* Resources */,
			);
			buildRules = (
			);
			dependencies = (
				876206F6290171FB00352091 /* PBXTargetDependency */,
			);
			name = WhiteAppTyTests;
			productName = WhiteAppTyTests;
			productReference = 876206F4290171FB00352091 /* WhiteAppTyTests.xctest */;
			productType = "com.apple.product-type.bundle.unit-test";
		};
		876206FD290171FB00352091 /* WhiteAppTyUITests */ = {
			isa = PBXNativeTarget;
			buildConfigurationList = 8762070E290171FB00352091 /* Build configuration list for PBXNativeTarget "WhiteAppTyUITests" */;
			buildPhases = (
				876206FA290171FB00352091 /* Sources */,
				876206FB290171FB00352091 /* Frameworks */,
				876206FC290171FB00352091 /* Resources */,
			);
			buildRules = (
			);
			dependencies = (
				87620700290171FB00352091 /* PBXTargetDependency */,
			);
			name = WhiteAppTyUITests;
			productName = WhiteAppTyUITests;
			productReference = 876206FE290171FB00352091 /* WhiteAppTyUITests.xctest */;
			productType = "com.apple.product-type.bundle.ui-testing";
		};
/* End PBXNativeTarget section */

/* Begin PBXProject section */
		876206D6290171FA00352091 /* Project object */ = {
			isa = PBXProject;
			attributes = {
				BuildIndependentTargetsInParallel = 1;
				LastSwiftUpdateCheck = 1400;
				LastUpgradeCheck = 1400;
				TargetAttributes = {
					876206DD290171FA00352091 = {
						CreatedOnToolsVersion = 14.0.1;
					};
					876206F3290171FB00352091 = {
						CreatedOnToolsVersion = 14.0.1;
						TestTargetID = 876206DD290171FA00352091;
					};
					876206FD290171FB00352091 = {
						CreatedOnToolsVersion = 14.0.1;
						TestTargetID = 876206DD290171FA00352091;
					};
				};
			};
			buildConfigurationList = 876206D9290171FA00352091 /* Build configuration list for PBXProject "WhiteAppTy" */;
			compatibilityVersion = "Xcode 14.0";
			developmentRegion = en;
			hasScannedForEncodings = 0;
			knownRegions = (
				en,
				Base,
			);
			mainGroup = 876206D5290171FA00352091;
			productRefGroup = 876206DF290171FA00352091 /* Products */;
			projectDirPath = "";
			projectRoot = "";
			targets = (
				876206DD290171FA00352091 /* WhiteAppTy */,
				876206F3290171FB00352091 /* WhiteAppTyTests */,
				876206FD290171FB00352091 /* WhiteAppTyUITests */,
			);
		};
/* End PBXProject section */

/* Begin PBXResourcesBuildPhase section */
		876206DC290171FA00352091 /* Resources */ = {
			isa = PBXResourcesBuildPhase;
			buildActionMask = 2147483647;
			files = (
				876206EE290171FB00352091 /* LaunchScreen.storyboard in Resources */,
				876206EB290171FB00352091 /* Assets.xcassets in Resources */,
				876206E9290171FA00352091 /* Main.storyboard in Resources */,
			);
			runOnlyForDeploymentPostprocessing = 0;
		};
		876206F2290171FB00352091 /* Resources */ = {
			isa = PBXResourcesBuildPhase;
			buildActionMask = 2147483647;
			files = (
			);
			runOnlyForDeploymentPostprocessing = 0;
		};
		876206FC290171FB00352091 /* Resources */ = {
			isa = PBXResourcesBuildPhase;
			buildActionMask = 2147483647;
			files = (
			);
			runOnlyForDeploymentPostprocessing = 0;
		};
/* End PBXResourcesBuildPhase section */

/* Begin PBXSourcesBuildPhase section */
		876206DA290171FA00352091 /* Sources */ = {
			isa = PBXSourcesBuildPhase;
			buildActionMask = 2147483647;
			files = (
				876206E6290171FA00352091 /* ViewController.swift in Sources */,
				876206E2290171FA00352091 /* AppDelegate.swift in Sources */,
				876206E4290171FA00352091 /* SceneDelegate.swift in Sources */,
			);
			runOnlyForDeploymentPostprocessing = 0;
		};
		876206F0290171FB00352091 /* Sources */ = {
			isa = PBXSourcesBuildPhase;
			buildActionMask = 2147483647;
			files = (
				876206F9290171FB00352091 /* WhiteAppTyTests.swift in Sources */,
			);
			runOnlyForDeploymentPostprocessing = 0;
		};
		876206FA290171FB00352091 /* Sources */ = {
			isa = PBXSourcesBuildPhase;
			buildActionMask = 2147483647;
			files = (
				87620703290171FB00352091 /* WhiteAppTyUITests.swift in Sources */,
				87620705290171FB00352091 /* WhiteAppTyUITestsLaunchTests.swift in Sources */,
			);
			runOnlyForDeploymentPostprocessing = 0;
		};
/* End PBXSourcesBuildPhase section */

/* Begin PBXTargetDependency section */
		876206F6290171FB00352091 /* PBXTargetDependency */ = {
			isa = PBXTargetDependency;
			target = 876206DD290171FA00352091 /* WhiteAppTy */;
			targetProxy = 876206F5290171FB00352091 /* PBXContainerItemProxy */;
		};
		87620700290171FB00352091 /* PBXTargetDependency */ = {
			isa = PBXTargetDependency;
			target = 876206DD290171FA00352091 /* WhiteAppTy */;
			targetProxy = 876206FF290171FB00352091 /* PBXContainerItemProxy */;
		};
/* End PBXTargetDependency section */

/* Begin PBXVariantGroup section */
		876206E7290171FA00352091 /* Main.storyboard */ = {
			isa = PBXVariantGroup;
			children = (
				876206E8290171FA00352091 /* Base */,
			);
			name = Main.storyboard;
			sourceTree = "<group>";
		};
		876206EC290171FB00352091 /* LaunchScreen.storyboard */ = {
			isa = PBXVariantGroup;
			children = (
				876206ED290171FB00352091 /* Base */,
			);
			name = LaunchScreen.storyboard;
			sourceTree = "<group>";
		};
/* End PBXVariantGroup section */

/* Begin XCBuildConfiguration section */
		87620706290171FB00352091 /* Debug */ = {
			isa = XCBuildConfiguration;
			buildSettings = {
				ALWAYS_SEARCH_USER_PATHS = NO;
				CLANG_ANALYZER_NONNULL = YES;
				CLANG_ANALYZER_NUMBER_OBJECT_CONVERSION = YES_AGGRESSIVE;
				CLANG_CXX_LANGUAGE_STANDARD = "gnu++20";
				CLANG_ENABLE_MODULES = YES;
				CLANG_ENABLE_OBJC_ARC = YES;
				CLANG_ENABLE_OBJC_WEAK = YES;
				CLANG_WARN_BLOCK_CAPTURE_AUTORELEASING = YES;
				CLANG_WARN_BOOL_CONVERSION = YES;
				CLANG_WARN_COMMA = YES;
				CLANG_WARN_CONSTANT_CONVERSION = YES;
				CLANG_WARN_DEPRECATED_OBJC_IMPLEMENTATIONS = YES;
				CLANG_WARN_DIRECT_OBJC_ISA_USAGE = YES_ERROR;
				CLANG_WARN_DOCUMENTATION_COMMENTS = YES;
				CLANG_WARN_EMPTY_BODY = YES;
				CLANG_WARN_ENUM_CONVERSION = YES;
				CLANG_WARN_INFINITE_RECURSION = YES;
				CLANG_WARN_INT_CONVERSION = YES;
				CLANG_WARN_NON_LITERAL_NULL_CONVERSION = YES;
				CLANG_WARN_OBJC_IMPLICIT_RETAIN_SELF = YES;
				CLANG_WARN_OBJC_LITERAL_CONVERSION = YES;
				CLANG_WARN_OBJC_ROOT_CLASS = YES_ERROR;
				CLANG_WARN_QUOTED_INCLUDE_IN_FRAMEWORK_HEADER = YES;
				CLANG_WARN_RANGE_LOOP_ANALYSIS = YES;
				CLANG_WARN_STRICT_PROTOTYPES = YES;
				CLANG_WARN_SUSPICIOUS_MOVE = YES;
				CLANG_WARN_UNGUARDED_AVAILABILITY = YES_AGGRESSIVE;
				CLANG_WARN_UNREACHABLE_CODE = YES;
				CLANG_WARN__DUPLICATE_METHOD_MATCH = YES;
				COPY_PHASE_STRIP = NO;
				DEBUG_INFORMATION_FORMAT = dwarf;
				ENABLE_STRICT_OBJC_MSGSEND = YES;
				ENABLE_TESTABILITY = YES;
				GCC_C_LANGUAGE_STANDARD = gnu11;
				GCC_DYNAMIC_NO_PIC = NO;
				GCC_NO_COMMON_BLOCKS = YES;
				GCC_OPTIMIZATION_LEVEL = 0;
				GCC_PREPROCESSOR_DEFINITIONS = (
					"DEBUG=1",
					"$(inherited)",
				);
				GCC_WARN_64_TO_32_BIT_CONVERSION = YES;
				GCC_WARN_ABOUT_RETURN_TYPE = YES_ERROR;
				GCC_WARN_UNDECLARED_SELECTOR = YES;
				GCC_WARN_UNINITIALIZED_AUTOS = YES_AGGRESSIVE;
				GCC_WARN_UNUSED_FUNCTION = YES;
				GCC_WARN_UNUSED_VARIABLE = YES;
				IPHONEOS_DEPLOYMENT_TARGET = 16.0;
				MTL_ENABLE_DEBUG_INFO = INCLUDE_SOURCE;
				MTL_FAST_MATH = YES;
				ONLY_ACTIVE_ARCH = YES;
				SDKROOT = iphoneos;
				SWIFT_ACTIVE_COMPILATION_CONDITIONS = DEBUG;
				SWIFT_OPTIMIZATION_LEVEL = "-Onone";
			};
			name = Debug;
		};
		87620707290171FB00352091 /* Release */ = {
			isa = XCBuildConfiguration;
			buildSettings = {
				ALWAYS_SEARCH_USER_PATHS = NO;
				CLANG_ANALYZER_NONNULL = YES;
				CLANG_ANALYZER_NUMBER_OBJECT_CONVERSION = YES_AGGRESSIVE;
				CLANG_CXX_LANGUAGE_STANDARD = "gnu++20";
				CLANG_ENABLE_MODULES = YES;
				CLANG_ENABLE_OBJC_ARC = YES;
				CLANG_ENABLE_OBJC_WEAK = YES;
				CLANG_WARN_BLOCK_CAPTURE_AUTORELEASING = YES;
				CLANG_WARN_BOOL_CONVERSION = YES;
				CLANG_WARN_COMMA = YES;
				CLANG_WARN_CONSTANT_CONVERSION = YES;
				CLANG_WARN_DEPRECATED_OBJC_IMPLEMENTATIONS = YES;
				CLANG_WARN_DIRECT_OBJC_ISA_USAGE = YES_ERROR;
				CLANG_WARN_DOCUMENTATION_COMMENTS = YES;
				CLANG_WARN_EMPTY_BODY = YES;
				CLANG_WARN_ENUM_CONVERSION = YES;
				CLANG_WARN_INFINITE_RECURSION = YES;
				CLANG_WARN_INT_CONVERSION = YES;
				CLANG_WARN_NON_LITERAL_NULL_CONVERSION = YES;
				CLANG_WARN_OBJC_IMPLICIT_RETAIN_SELF = YES;
				CLANG_WARN_OBJC_LITERAL_CONVERSION = YES;
				CLANG_WARN_OBJC_ROOT_CLASS = YES_ERROR;
				CLANG_WARN_QUOTED_INCLUDE_IN_FRAMEWORK_HEADER = YES;
				CLANG_WARN_RANGE_LOOP_ANALYSIS = YES;
				CLANG_WARN_STRICT_PROTOTYPES = YES;
				CLANG_WARN_SUSPICIOUS_MOVE = YES;
				CLANG_WARN_UNGUARDED_AVAILABILITY = YES_AGGRESSIVE;
				CLANG_WARN_UNREACHABLE_CODE = YES;
				CLANG_WARN__DUPLICATE_METHOD_MATCH = YES;
				COPY_PHASE_STRIP = NO;
				DEBUG_INFORMATION_FORMAT = "dwarf-with-dsym";
				ENABLE_NS_ASSERTIONS = NO;
				ENABLE_STRICT_OBJC_MSGSEND = YES;
				GCC_C_LANGUAGE_STANDARD = gnu11;
				GCC_NO_COMMON_BLOCKS = YES;
				GCC_WARN_64_TO_32_BIT_CONVERSION = YES;
				GCC_WARN_ABOUT_RETURN_TYPE = YES_ERROR;
				GCC_WARN_UNDECLARED_SELECTOR = YES;
				GCC_WARN_UNINITIALIZED_AUTOS = YES_AGGRESSIVE;
				GCC_WARN_UNUSED_FUNCTION = YES;
				GCC_WARN_UNUSED_VARIABLE = YES;
				IPHONEOS_DEPLOYMENT_TARGET = 16.0;
				MTL_ENABLE_DEBUG_INFO = NO;
				MTL_FAST_MATH = YES;
				SDKROOT = iphoneos;
				SWIFT_COMPILATION_MODE = wholemodule;
				SWIFT_OPTIMIZATION_LEVEL = "-O";
				VALIDATE_PRODUCT = YES;
			};
			name = Release;
		};
		87620709290171FB00352091 /* Debug */ = {
			isa = XCBuildConfiguration;
			buildSettings = {
				ASSETCATALOG_COMPILER_APPICON_NAME = AppIcon;
				ASSETCATALOG_COMPILER_GLOBAL_ACCENT_COLOR_NAME = AccentColor;
				CODE_SIGN_STYLE = Automatic;
				CURRENT_PROJECT_VERSION = 1;
				GENERATE_INFOPLIST_FILE = YES;
				INFOPLIST_FILE = WhiteAppTy/Info.plist;
				INFOPLIST_KEY_UIApplicationSupportsIndirectInputEvents = YES;
				INFOPLIST_KEY_UILaunchStoryboardName = LaunchScreen;
				INFOPLIST_KEY_UIMainStoryboardFile = Main;
				INFOPLIST_KEY_UISupportedInterfaceOrientations_iPad = "UIInterfaceOrientationPortrait UIInterfaceOrientationPortraitUpsideDown UIInterfaceOrientationLandscapeLeft UIInterfaceOrientationLandscapeRight";
				INFOPLIST_KEY_UISupportedInterfaceOrientations_iPhone = "UIInterfaceOrientationPortrait UIInterfaceOrientationLandscapeLeft UIInterfaceOrientationLandscapeRight";
				LD_RUNPATH_SEARCH_PATHS = (
					"$(inherited)",
					"@executable_path/Frameworks",
				);
				MARKETING_VERSION = 1.0;
				PRODUCT_BUNDLE_IDENTIFIER = Ty.WhiteAppTy;
				PRODUCT_NAME = "$(TARGET_NAME)";
				SWIFT_EMIT_LOC_STRINGS = YES;
				SWIFT_VERSION = 5.0;
				TARGETED_DEVICE_FAMILY = "1,2";
			};
			name = Debug;
		};
		8762070A290171FB00352091 /* Release */ = {
			isa = XCBuildConfiguration;
			buildSettings = {
				ASSETCATALOG_COMPILER_APPICON_NAME = AppIcon;
				ASSETCATALOG_COMPILER_GLOBAL_ACCENT_COLOR_NAME = AccentColor;
				CODE_SIGN_STYLE = Automatic;
				CURRENT_PROJECT_VERSION = 1;
				GENERATE_INFOPLIST_FILE = YES;
				INFOPLIST_FILE = WhiteAppTy/Info.plist;
				INFOPLIST_KEY_UIApplicationSupportsIndirectInputEvents = YES;
				INFOPLIST_KEY_UILaunchStoryboardName = LaunchScreen;
				INFOPLIST_KEY_UIMainStoryboardFile = Main;
				INFOPLIST_KEY_UISupportedInterfaceOrientations_iPad = "UIInterfaceOrientationPortrait UIInterfaceOrientationPortraitUpsideDown UIInterfaceOrientationLandscapeLeft UIInterfaceOrientationLandscapeRight";
				INFOPLIST_KEY_UISupportedInterfaceOrientations_iPhone = "UIInterfaceOrientationPortrait UIInterfaceOrientationLandscapeLeft UIInterfaceOrientationLandscapeRight";
				LD_RUNPATH_SEARCH_PATHS = (
					"$(inherited)",
					"@executable_path/Frameworks",
				);
				MARKETING_VERSION = 1.0;
				PRODUCT_BUNDLE_IDENTIFIER = Ty.WhiteAppTy;
				PRODUCT_NAME = "$(TARGET_NAME)";
				SWIFT_EMIT_LOC_STRINGS = YES;
				SWIFT_VERSION = 5.0;
				TARGETED_DEVICE_FAMILY = "1,2";
			};
			name = Release;
		};
		8762070C290171FB00352091 /* Debug */ = {
			isa = XCBuildConfiguration;
			buildSettings = {
				ALWAYS_EMBED_SWIFT_STANDARD_LIBRARIES = YES;
				BUNDLE_LOADER = "$(TEST_HOST)";
				CODE_SIGN_STYLE = Automatic;
				CURRENT_PROJECT_VERSION = 1;
				GENERATE_INFOPLIST_FILE = YES;
				IPHONEOS_DEPLOYMENT_TARGET = 16.0;
				MARKETING_VERSION = 1.0;
				PRODUCT_BUNDLE_IDENTIFIER = Ty.WhiteAppTyTests;
				PRODUCT_NAME = "$(TARGET_NAME)";
				SWIFT_EMIT_LOC_STRINGS = NO;
				SWIFT_VERSION = 5.0;
				TARGETED_DEVICE_FAMILY = "1,2";
				TEST_HOST = "$(BUILT_PRODUCTS_DIR)/WhiteAppTy.app/$(BUNDLE_EXECUTABLE_FOLDER_PATH)/WhiteAppTy";
			};
			name = Debug;
		};
		8762070D290171FB00352091 /* Release */ = {
			isa = XCBuildConfiguration;
			buildSettings = {
				ALWAYS_EMBED_SWIFT_STANDARD_LIBRARIES = YES;
				BUNDLE_LOADER = "$(TEST_HOST)";
				CODE_SIGN_STYLE = Automatic;
				CURRENT_PROJECT_VERSION = 1;
				GENERATE_INFOPLIST_FILE = YES;
				IPHONEOS_DEPLOYMENT_TARGET = 16.0;
				MARKETING_VERSION = 1.0;
				PRODUCT_BUNDLE_IDENTIFIER = Ty.WhiteAppTyTests;
				PRODUCT_NAME = "$(TARGET_NAME)";
				SWIFT_EMIT_LOC_STRINGS = NO;
				SWIFT_VERSION = 5.0;
				TARGETED_DEVICE_FAMILY = "1,2";
				TEST_HOST = "$(BUILT_PRODUCTS_DIR)/WhiteAppTy.app/$(BUNDLE_EXECUTABLE_FOLDER_PATH)/WhiteAppTy";
			};
			name = Release;
		};
		8762070F290171FB00352091 /* Debug */ = {
			isa = XCBuildConfiguration;
			buildSettings = {
				ALWAYS_EMBED_SWIFT_STANDARD_LIBRARIES = YES;
				CODE_SIGN_STYLE = Automatic;
				CURRENT_PROJECT_VERSION = 1;
				GENERATE_INFOPLIST_FILE = YES;
				MARKETING_VERSION = 1.0;
				PRODUCT_BUNDLE_IDENTIFIER = Ty.WhiteAppTyUITests;
				PRODUCT_NAME = "$(TARGET_NAME)";
				SWIFT_EMIT_LOC_STRINGS = NO;
				SWIFT_VERSION = 5.0;
				TARGETED_DEVICE_FAMILY = "1,2";
				TEST_TARGET_NAME = WhiteAppTy;
			};
			name = Debug;
		};
		87620710290171FB00352091 /* Release */ = {
			isa = XCBuildConfiguration;
			buildSettings = {
				ALWAYS_EMBED_SWIFT_STANDARD_LIBRARIES = YES;
				CODE_SIGN_STYLE = Automatic;
				CURRENT_PROJECT_VERSION = 1;
				GENERATE_INFOPLIST_FILE = YES;
				MARKETING_VERSION = 1.0;
				PRODUCT_BUNDLE_IDENTIFIER = Ty.WhiteAppTyUITests;
				PRODUCT_NAME = "$(TARGET_NAME)";
				SWIFT_EMIT_LOC_STRINGS = NO;
				SWIFT_VERSION = 5.0;
				TARGETED_DEVICE_FAMILY = "1,2";
				TEST_TARGET_NAME = WhiteAppTy;
			};
			name = Release;
		};
/* End XCBuildConfiguration section */

/* Begin XCConfigurationList section */
		876206D9290171FA00352091 /* Build configuration list for PBXProject "WhiteAppTy" */ = {
			isa = XCConfigurationList;
			buildConfigurations = (
				87620706290171FB00352091 /* Debug */,
				87620707290171FB00352091 /* Release */,
			);
			defaultConfigurationIsVisible = 0;
			defaultConfigurationName = Release;
		};
		87620708290171FB00352091 /* Build configuration list for PBXNativeTarget "WhiteAppTy" */ = {
			isa = XCConfigurationList;
			buildConfigurations = (
				87620709290171FB00352091 /* Debug */,
				8762070A290171FB00352091 /* Release */,
			);
			defaultConfigurationIsVisible = 0;
			defaultConfigurationName = Release;
		};
		8762070B290171FB00352091 /* Build configuration list for PBXNativeTarget "WhiteAppTyTests" */ = {
			isa = XCConfigurationList;
			buildConfigurations = (
				8762070C290171FB00352091 /* Debug */,
				8762070D290171FB00352091 /* Release */,
			);
			defaultConfigurationIsVisible = 0;
			defaultConfigurationName = Release;
		};
		8762070E290171FB00352091 /* Build configuration list for PBXNativeTarget "WhiteAppTyUITests" */ = {
			isa = XCConfigurationList;
			buildConfigurations = (
				8762070F290171FB00352091 /* Debug */,
				87620710290171FB00352091 /* Release */,
			);
			defaultConfigurationIsVisible = 0;
			defaultConfigurationName = Release;
		};
/* End XCConfigurationList section */
	};
	rootObject = 876206D6290171FA00352091 /* Project object */;
}
